// !$*UTF8*$!
{
	archiveVersion = 1;
	classes = {
	};
	objectVersion = 77;
	objects = {

/* Begin PBXBuildFile section */
		0919064D2F8D71B0005F756A /* String+DateFormat.swift in Sources */ = {isa = PBXBuildFile; fileRef = 091906332F8D71B0005F756A /* String+DateFormat.swift */; };
		0919064E2F8D71B0005F756A /* AddLabResultView.swift in Sources */ = {isa = PBXBuildFile; fileRef = 091906422F8D71B0005F756A /* AddLabResultView.swift */; };
		0919064F2F8D71B0005F756A /* AccountsView.swift in Sources */ = {isa = PBXBuildFile; fileRef = 091906382F8D71B0005F756A /* AccountsView.swift */; };
		091906502F8D71B0005F756A /* AddTransactionView.swift in Sources */ = {isa = PBXBuildFile; fileRef = 0919063B2F8D71B0005F756A /* AddTransactionView.swift */; };
		091906512F8D71B0005F756A /* FinanceSettingsView.swift in Sources */ = {isa = PBXBuildFile; fileRef = 0919063E2F8D71B0005F756A /* FinanceSettingsView.swift */; };
		091906522F8D71B0005F756A /* Date+Finance.swift in Sources */ = {isa = PBXBuildFile; fileRef = 091906312F8D71B0005F756A /* Date+Finance.swift */; };
		091906532F8D71B0005F756A /* ContentView.swift in Sources */ = {isa = PBXBuildFile; fileRef = 0919064A2F8D71B0005F756A /* ContentView.swift */; };
		091906542F8D71B0005F756A /* SaludFinanzasAppApp.swift in Sources */ = {isa = PBXBuildFile; fileRef = 0919064B2F8D71B0005F756A /* SaludFinanzasAppApp.swift */; };
		091906552F8D71B0005F756A /* AccountBalanceSummary.swift in Sources */ = {isa = PBXBuildFile; fileRef = 091906352F8D71B0005F756A /* AccountBalanceSummary.swift */; };
		091906562F8D71B0005F756A /* AddCategoryView.swift in Sources */ = {isa = PBXBuildFile; fileRef = 0919063A2F8D71B0005F756A /* AddCategoryView.swift */; };
		091906572F8D71B0005F756A /* AddAccountView.swift in Sources */ = {isa = PBXBuildFile; fileRef = 091906392F8D71B0005F756A /* AddAccountView.swift */; };
		091906582F8D71B0005F756A /* FinanceRepository.swift in Sources */ = {isa = PBXBuildFile; fileRef = 0919063D2F8D71B0005F756A /* FinanceRepository.swift */; };
		091906592F8D71B0005F756A /* HealthRepository.swift in Sources */ = {isa = PBXBuildFile; fileRef = 091906432F8D71B0005F756A /* HealthRepository.swift */; };
		0919065A2F8D71B0005F756A /* FinanceHomeView.swift in Sources */ = {isa = PBXBuildFile; fileRef = 091906462F8D71B0005F756A /* FinanceHomeView.swift */; };
		0919065B2F8D71B0005F756A /* FinanceModels.swift in Sources */ = {isa = PBXBuildFile; fileRef = 091906362F8D71B0005F756A /* FinanceModels.swift */; };
		0919065C2F8D71B0005F756A /* CategoriesView.swift in Sources */ = {isa = PBXBuildFile; fileRef = 0919063C2F8D71B0005F756A /* CategoriesView.swift */; };
		0919065D2F8D71B0005F756A /* DashboardView.swift in Sources */ = {isa = PBXBuildFile; fileRef = 091906452F8D71B0005F756A /* DashboardView.swift */; };
		0919065E2F8D71B0005F756A /* HealthModels.swift in Sources */ = {isa = PBXBuildFile; fileRef = 091906402F8D71B0005F756A /* HealthModels.swift */; };
		0919065F2F8D71B0005F756A /* HealthHomeView.swift in Sources */ = {isa = PBXBuildFile; fileRef = 091906472F8D71B0005F756A /* HealthHomeView.swift */; };
		091906602F8D71B0005F756A /* Double+Currency.swift in Sources */ = {isa = PBXBuildFile; fileRef = 091906322F8D71B0005F756A /* Double+Currency.swift */; };
		091906612F8D71B0005F756A /* Assets.xcassets in Resources */ = {isa = PBXBuildFile; fileRef = 091906492F8D71B0005F756A /* Assets.xcassets */; };
		094992602F8D7360003EB862 /* DateFormatters.swift in Sources */ = {isa = PBXBuildFile; fileRef = 0949925E2F8D7360003EB862 /* DateFormatters.swift */; };
		094992612F8D7360003EB862 /* AppDatabase.swift in Sources */ = {isa = PBXBuildFile; fileRef = 0949925B2F8D7360003EB862 /* AppDatabase.swift */; };
		094992622F8D7360003EB862 /* AppEnvironment.swift in Sources */ = {isa = PBXBuildFile; fileRef = 0949925D2F8D7360003EB862 /* AppEnvironment.swift */; };
		095C09E42F8D87C3007512F5 /* HealthSettingView.swift in Sources */ = {isa = PBXBuildFile; fileRef = 095C09E32F8D87BD007512F5 /* HealthSettingView.swift */; };
		095C09E62F8D8853007512F5 /* ProfessionalsView.swift in Sources */ = {isa = PBXBuildFile; fileRef = 095C09E52F8D884D007512F5 /* ProfessionalsView.swift */; };
		095C09E82F8DB126007512F5 /* AddProfessionalView.swift in Sources */ = {isa = PBXBuildFile; fileRef = 095C09E72F8DB120007512F5 /* AddProfessionalView.swift */; };
		095C09EA2F8DB396007512F5 /* AppointmentsView.swift in Sources */ = {isa = PBXBuildFile; fileRef = 095C09E92F8DB390007512F5 /* AppointmentsView.swift */; };
		095C09EC2F8DBA2B007512F5 /* AddAppointmentView.swift in Sources */ = {isa = PBXBuildFile; fileRef = 095C09EB2F8DBA23007512F5 /* AddAppointmentView.swift */; };
		09AD0A772F450CC3001B496E /* GRDB in Frameworks */ = {isa = PBXBuildFile; productRef = 09AD0A762F450CC3001B496E /* GRDB */; };
		09BC85452F8D7A760099492B /* HealthSummaryModels.swift in Sources */ = {isa = PBXBuildFile; fileRef = 09BC85442F8D7A760099492B /* HealthSummaryModels.swift */; };
/* End PBXBuildFile section */

/* Begin PBXFileReference section */
		091906312F8D71B0005F756A /* Date+Finance.swift */ = {isa = PBXFileReference; lastKnownFileType = sourcecode.swift; path = "Date+Finance.swift"; sourceTree = "<group>"; };
		091906322F8D71B0005F756A /* Double+Currency.swift */ = {isa = PBXFileReference; lastKnownFileType = sourcecode.swift; path = "Double+Currency.swift"; sourceTree = "<group>"; };
		091906332F8D71B0005F756A /* String+DateFormat.swift */ = {isa = PBXFileReference; lastKnownFileType = sourcecode.swift; path = "String+DateFormat.swift"; sourceTree = "<group>"; };
		091906352F8D71B0005F756A /* AccountBalanceSummary.swift */ = {isa = PBXFileReference; lastKnownFileType = sourcecode.swift; path = AccountBalanceSummary.swift; sourceTree = "<group>"; };
		091906362F8D71B0005F756A /* FinanceModels.swift */ = {isa = PBXFileReference; lastKnownFileType = sourcecode.swift; path = FinanceModels.swift; sourceTree = "<group>"; };
		091906382F8D71B0005F756A /* AccountsView.swift */ = {isa = PBXFileReference; lastKnownFileType = sourcecode.swift; path = AccountsView.swift; sourceTree = "<group>"; };
		091906392F8D71B0005F756A /* AddAccountView.swift */ = {isa = PBXFileReference; lastKnownFileType = sourcecode.swift; path = AddAccountView.swift; sourceTree = "<group>"; };
		0919063A2F8D71B0005F756A /* AddCategoryView.swift */ = {isa = PBXFileReference; lastKnownFileType = sourcecode.swift; path = AddCategoryView.swift; sourceTree = "<group>"; };
		0919063B2F8D71B0005F756A /* AddTransactionView.swift */ = {isa = PBXFileReference; lastKnownFileType = sourcecode.swift; path = AddTransactionView.swift; sourceTree = "<group>"; };
		0919063C2F8D71B0005F756A /* CategoriesView.swift */ = {isa = PBXFileReference; lastKnownFileType = sourcecode.swift; path = CategoriesView.swift; sourceTree = "<group>"; };
		0919063D2F8D71B0005F756A /* FinanceRepository.swift */ = {isa = PBXFileReference; lastKnownFileType = sourcecode.swift; path = FinanceRepository.swift; sourceTree = "<group>"; };
		0919063E2F8D71B0005F756A /* FinanceSettingsView.swift */ = {isa = PBXFileReference; lastKnownFileType = sourcecode.swift; path = FinanceSettingsView.swift; sourceTree = "<group>"; };
		091906402F8D71B0005F756A /* HealthModels.swift */ = {isa = PBXFileReference; lastKnownFileType = sourcecode.swift; path = HealthModels.swift; sourceTree = "<group>"; };
		091906422F8D71B0005F756A /* AddLabResultView.swift */ = {isa = PBXFileReference; lastKnownFileType = sourcecode.swift; path = AddLabResultView.swift; sourceTree = "<group>"; };
		091906432F8D71B0005F756A /* HealthRepository.swift */ = {isa = PBXFileReference; lastKnownFileType = sourcecode.swift; path = HealthRepository.swift; sourceTree = "<group>"; };
		091906452F8D71B0005F756A /* DashboardView.swift */ = {isa = PBXFileReference; lastKnownFileType = sourcecode.swift; path = DashboardView.swift; sourceTree = "<group>"; };
		091906462F8D71B0005F756A /* FinanceHomeView.swift */ = {isa = PBXFileReference; lastKnownFileType = sourcecode.swift; path = FinanceHomeView.swift; sourceTree = "<group>"; };
		091906472F8D71B0005F756A /* HealthHomeView.swift */ = {isa = PBXFileReference; lastKnownFileType = sourcecode.swift; path = HealthHomeView.swift; sourceTree = "<group>"; };
		091906492F8D71B0005F756A /* Assets.xcassets */ = {isa = PBXFileReference; lastKnownFileType = folder.assetcatalog; path = Assets.xcassets; sourceTree = "<group>"; };
		0919064A2F8D71B0005F756A /* ContentView.swift */ = {isa = PBXFileReference; lastKnownFileType = sourcecode.swift; path = ContentView.swift; sourceTree = "<group>"; };
		0919064B2F8D71B0005F756A /* SaludFinanzasAppApp.swift */ = {isa = PBXFileReference; lastKnownFileType = sourcecode.swift; path = SaludFinanzasAppApp.swift; sourceTree = "<group>"; };
		0949925B2F8D7360003EB862 /* AppDatabase.swift */ = {isa = PBXFileReference; lastKnownFileType = sourcecode.swift; path = AppDatabase.swift; sourceTree = "<group>"; };
		0949925D2F8D7360003EB862 /* AppEnvironment.swift */ = {isa = PBXFileReference; lastKnownFileType = sourcecode.swift; path = AppEnvironment.swift; sourceTree = "<group>"; };
		0949925E2F8D7360003EB862 /* DateFormatters.swift */ = {isa = PBXFileReference; lastKnownFileType = sourcecode.swift; path = DateFormatters.swift; sourceTree = "<group>"; };
		095C09E32F8D87BD007512F5 /* HealthSettingView.swift */ = {isa = PBXFileReference; lastKnownFileType = sourcecode.swift; path = HealthSettingView.swift; sourceTree = "<group>"; };
		095C09E52F8D884D007512F5 /* ProfessionalsView.swift */ = {isa = PBXFileReference; lastKnownFileType = sourcecode.swift; path = ProfessionalsView.swift; sourceTree = "<group>"; };
		095C09E72F8DB120007512F5 /* AddProfessionalView.swift */ = {isa = PBXFileReference; lastKnownFileType = sourcecode.swift; path = AddProfessionalView.swift; sourceTree = "<group>"; };
		095C09E92F8DB390007512F5 /* AppointmentsView.swift */ = {isa = PBXFileReference; lastKnownFileType = sourcecode.swift; path = AppointmentsView.swift; sourceTree = "<group>"; };
		095C09EB2F8DBA23007512F5 /* AddAppointmentView.swift */ = {isa = PBXFileReference; lastKnownFileType = sourcecode.swift; path = AddAppointmentView.swift; sourceTree = "<group>"; };
		097FFD4A2F44E8D500FA6734 /* SaludFinanzasApp.app */ = {isa = PBXFileReference; explicitFileType = wrapper.application; includeInIndex = 0; path = SaludFinanzasApp.app; sourceTree = BUILT_PRODUCTS_DIR; };
		09BC85442F8D7A760099492B /* HealthSummaryModels.swift */ = {isa = PBXFileReference; lastKnownFileType = sourcecode.swift; path = HealthSummaryModels.swift; sourceTree = "<group>"; };
/* End PBXFileReference section */

/* Begin PBXFrameworksBuildPhase section */
		097FFD472F44E8D500FA6734 /* Frameworks */ = {
			isa = PBXFrameworksBuildPhase;
			buildActionMask = 2147483647;
			files = (
				09AD0A772F450CC3001B496E /* GRDB in Frameworks */,
			);
			runOnlyForDeploymentPostprocessing = 0;
		};
/* End PBXFrameworksBuildPhase section */

/* Begin PBXGroup section */
		091906342F8D71B0005F756A /* Extensions */ = {
			isa = PBXGroup;
			children = (
				091906312F8D71B0005F756A /* Date+Finance.swift */,
				091906322F8D71B0005F756A /* Double+Currency.swift */,
				091906332F8D71B0005F756A /* String+DateFormat.swift */,
			);
			path = Extensions;
			sourceTree = "<group>";
		};
		091906372F8D71B0005F756A /* Models */ = {
			isa = PBXGroup;
			children = (
				091906352F8D71B0005F756A /* AccountBalanceSummary.swift */,
				091906362F8D71B0005F756A /* FinanceModels.swift */,
			);
			path = Models;
			sourceTree = "<group>";
		};
		0919063F2F8D71B0005F756A /* Finance */ = {
			isa = PBXGroup;
			children = (
				091906372F8D71B0005F756A /* Models */,
				091906382F8D71B0005F756A /* AccountsView.swift */,
				091906392F8D71B0005F756A /* AddAccountView.swift */,
				0919063A2F8D71B0005F756A /* AddCategoryView.swift */,
				0919063B2F8D71B0005F756A /* AddTransactionView.swift */,
				0919063C2F8D71B0005F756A /* CategoriesView.swift */,
				0919063D2F8D71B0005F756A /* FinanceRepository.swift */,
				0919063E2F8D71B0005F756A /* FinanceSettingsView.swift */,
			);
			path = Finance;
			sourceTree = "<group>";
		};
		091906412F8D71B0005F756A /* Models */ = {
			isa = PBXGroup;
			children = (
				09BC85442F8D7A760099492B /* HealthSummaryModels.swift */,
				091906402F8D71B0005F756A /* HealthModels.swift */,
			);
			path = Models;
			sourceTree = "<group>";
		};
		091906442F8D71B0005F756A /* Health */ = {
			isa = PBXGroup;
			children = (
				095C09EB2F8DBA23007512F5 /* AddAppointmentView.swift */,
				095C09E92F8DB390007512F5 /* AppointmentsView.swift */,
				095C09E72F8DB120007512F5 /* AddProfessionalView.swift */,
				095C09E52F8D884D007512F5 /* ProfessionalsView.swift */,
				095C09E32F8D87BD007512F5 /* HealthSettingView.swift */,
				091906412F8D71B0005F756A /* Models */,
				091906422F8D71B0005F756A /* AddLabResultView.swift */,
				091906432F8D71B0005F756A /* HealthRepository.swift */,
			);
			path = Health;
			sourceTree = "<group>";
		};
		091906482F8D71B0005F756A /* Features */ = {
			isa = PBXGroup;
			children = (
				0919063F2F8D71B0005F756A /* Finance */,
				091906442F8D71B0005F756A /* Health */,
				091906452F8D71B0005F756A /* DashboardView.swift */,
				091906462F8D71B0005F756A /* FinanceHomeView.swift */,
				091906472F8D71B0005F756A /* HealthHomeView.swift */,
			);
			path = Features;
			sourceTree = "<group>";
		};
		0919064C2F8D71B0005F756A /* App */ = {
			isa = PBXGroup;
			children = (
				0949925F2F8D7360003EB862 /* Infrastructure */,
				091906342F8D71B0005F756A /* Extensions */,
				091906482F8D71B0005F756A /* Features */,
				091906492F8D71B0005F756A /* Assets.xcassets */,
				0919064A2F8D71B0005F756A /* ContentView.swift */,
				0919064B2F8D71B0005F756A /* SaludFinanzasAppApp.swift */,
			);
			path = App;
			sourceTree = "<group>";
		};
		0949925C2F8D7360003EB862 /* Database */ = {
			isa = PBXGroup;
			children = (
				0949925B2F8D7360003EB862 /* AppDatabase.swift */,
			);
			path = Database;
			sourceTree = "<group>";
		};
		0949925F2F8D7360003EB862 /* Infrastructure */ = {
			isa = PBXGroup;
			children = (
				0949925C2F8D7360003EB862 /* Database */,
				0949925D2F8D7360003EB862 /* AppEnvironment.swift */,
				0949925E2F8D7360003EB862 /* DateFormatters.swift */,
			);
			path = Infrastructure;
			sourceTree = "<group>";
		};
		097FFD412F44E8D500FA6734 = {
			isa = PBXGroup;
			children = (
				0919064C2F8D71B0005F756A /* App */,
				097FFD4B2F44E8D500FA6734 /* Products */,
			);
			sourceTree = "<group>";
		};
		097FFD4B2F44E8D500FA6734 /* Products */ = {
			isa = PBXGroup;
			children = (
				097FFD4A2F44E8D500FA6734 /* SaludFinanzasApp.app */,
			);
			name = Products;
			sourceTree = "<group>";
		};
/* End PBXGroup section */

/* Begin PBXNativeTarget section */
		097FFD492F44E8D500FA6734 /* SaludFinanzasApp */ = {
			isa = PBXNativeTarget;
			buildConfigurationList = 097FFD552F44E8D600FA6734 /* Build configuration list for PBXNativeTarget "SaludFinanzasApp" */;
			buildPhases = (
				097FFD462F44E8D500FA6734 /* Sources */,
				097FFD472F44E8D500FA6734 /* Frameworks */,
				097FFD482F44E8D500FA6734 /* Resources */,
			);
			buildRules = (
			);
			dependencies = (
			);
			name = SaludFinanzasApp;
			packageProductDependencies = (
				09AD0A762F450CC3001B496E /* GRDB */,
			);
			productName = SaludFinanzasApp;
			productReference = 097FFD4A2F44E8D500FA6734 /* SaludFinanzasApp.app */;
			productType = "com.apple.product-type.application";
		};
/* End PBXNativeTarget section */

/* Begin PBXProject section */
		097FFD422F44E8D500FA6734 /* Project object */ = {
			isa = PBXProject;
			attributes = {
				BuildIndependentTargetsInParallel = 1;
				LastSwiftUpdateCheck = 2620;
				LastUpgradeCheck = 2620;
				TargetAttributes = {
					097FFD492F44E8D500FA6734 = {
						CreatedOnToolsVersion = 26.2;
					};
				};
			};
			buildConfigurationList = 097FFD452F44E8D500FA6734 /* Build configuration list for PBXProject "SaludFinanzasApp" */;
			developmentRegion = en;
			hasScannedForEncodings = 0;
			knownRegions = (
				en,
				Base,
			);
			mainGroup = 097FFD412F44E8D500FA6734;
			minimizedProjectReferenceProxies = 1;
			packageReferences = (
				09AD0A752F450CC3001B496E /* XCRemoteSwiftPackageReference "GRDB" */,
			);
			preferredProjectObjectVersion = 77;
			productRefGroup = 097FFD4B2F44E8D500FA6734 /* Products */;
			projectDirPath = "";
			projectRoot = "";
			targets = (
				097FFD492F44E8D500FA6734 /* SaludFinanzasApp */,
			);
		};
/* End PBXProject section */

/* Begin PBXResourcesBuildPhase section */
		097FFD482F44E8D500FA6734 /* Resources */ = {
			isa = PBXResourcesBuildPhase;
			buildActionMask = 2147483647;
			files = (
				091906612F8D71B0005F756A /* Assets.xcassets in Resources */,
			);
			runOnlyForDeploymentPostprocessing = 0;
		};
/* End PBXResourcesBuildPhase section */

/* Begin PBXSourcesBuildPhase section */
		097FFD462F44E8D500FA6734 /* Sources */ = {
			isa = PBXSourcesBuildPhase;
			buildActionMask = 2147483647;
			files = (
				0919064D2F8D71B0005F756A /* String+DateFormat.swift in Sources */,
				0919064E2F8D71B0005F756A /* AddLabResultView.swift in Sources */,
				095C09E42F8D87C3007512F5 /* HealthSettingView.swift in Sources */,
				095C09E62F8D8853007512F5 /* ProfessionalsView.swift in Sources */,
				0919064F2F8D71B0005F756A /* AccountsView.swift in Sources */,
				091906502F8D71B0005F756A /* AddTransactionView.swift in Sources */,
				091906512F8D71B0005F756A /* FinanceSettingsView.swift in Sources */,
				091906522F8D71B0005F756A /* Date+Finance.swift in Sources */,
				091906532F8D71B0005F756A /* ContentView.swift in Sources */,
				091906542F8D71B0005F756A /* SaludFinanzasAppApp.swift in Sources */,
				091906552F8D71B0005F756A /* AccountBalanceSummary.swift in Sources */,
				091906562F8D71B0005F756A /* AddCategoryView.swift in Sources */,
				091906572F8D71B0005F756A /* AddAccountView.swift in Sources */,
				091906582F8D71B0005F756A /* FinanceRepository.swift in Sources */,
				095C09EA2F8DB396007512F5 /* AppointmentsView.swift in Sources */,
				09BC85452F8D7A760099492B /* HealthSummaryModels.swift in Sources */,
				091906592F8D71B0005F756A /* HealthRepository.swift in Sources */,
				0919065A2F8D71B0005F756A /* FinanceHomeView.swift in Sources */,
				0919065B2F8D71B0005F756A /* FinanceModels.swift in Sources */,
				0919065C2F8D71B0005F756A /* CategoriesView.swift in Sources */,
				0919065D2F8D71B0005F756A /* DashboardView.swift in Sources */,
				0919065E2F8D71B0005F756A /* HealthModels.swift in Sources */,
				094992602F8D7360003EB862 /* DateFormatters.swift in Sources */,
				095C09EC2F8DBA2B007512F5 /* AddAppointmentView.swift in Sources */,
				094992612F8D7360003EB862 /* AppDatabase.swift in Sources */,
				094992622F8D7360003EB862 /* AppEnvironment.swift in Sources */,
				095C09E82F8DB126007512F5 /* AddProfessionalView.swift in Sources */,
				0919065F2F8D71B0005F756A /* HealthHomeView.swift in Sources */,
				091906602F8D71B0005F756A /* Double+Currency.swift in Sources */,
			);
			runOnlyForDeploymentPostprocessing = 0;
		};
/* End PBXSourcesBuildPhase section */

/* Begin XCBuildConfiguration section */
		097FFD532F44E8D600FA6734 /* Debug */ = {
			isa = XCBuildConfiguration;
			buildSettings = {
				ALWAYS_SEARCH_USER_PATHS = NO;
				ASSETCATALOG_COMPILER_GENERATE_SWIFT_ASSET_SYMBOL_EXTENSIONS = YES;
				CLANG_ANALYZER_NONNULL = YES;
				CLANG_ANALYZER_NUMBER_OBJECT_CONVERSION = YES_AGGRESSIVE;
				CLANG_CXX_LANGUAGE_STANDARD = "gnu++20";
				CLANG_ENABLE_MODULES = YES;
				CLANG_ENABLE_OBJC_ARC = YES;
				CLANG_ENABLE_OBJC_WEAK = YES;
				CLANG_WARN_BLOCK_CAPTURE_AUTORELEASING = YES;
				CLANG_WARN_BOOL_CONVERSION = YES;
				CLANG_WARN_COMMA = YES;
				CLANG_WARN_CONSTANT_CONVERSION = YES;
				CLANG_WARN_DEPRECATED_OBJC_IMPLEMENTATIONS = YES;
				CLANG_WARN_DIRECT_OBJC_ISA_USAGE = YES_ERROR;
				CLANG_WARN_DOCUMENTATION_COMMENTS = YES;
				CLANG_WARN_EMPTY_BODY = YES;
				CLANG_WARN_ENUM_CONVERSION = YES;
				CLANG_WARN_INFINITE_RECURSION = YES;
				CLANG_WARN_INT_CONVERSION = YES;
				CLANG_WARN_NON_LITERAL_NULL_CONVERSION = YES;
				CLANG_WARN_OBJC_IMPLICIT_RETAIN_SELF = YES;
				CLANG_WARN_OBJC_LITERAL_CONVERSION = YES;
				CLANG_WARN_OBJC_ROOT_CLASS = YES_ERROR;
				CLANG_WARN_QUOTED_INCLUDE_IN_FRAMEWORK_HEADER = YES;
				CLANG_WARN_RANGE_LOOP_ANALYSIS = YES;
				CLANG_WARN_STRICT_PROTOTYPES = YES;
				CLANG_WARN_SUSPICIOUS_MOVE = YES;
				CLANG_WARN_UNGUARDED_AVAILABILITY = YES_AGGRESSIVE;
				CLANG_WARN_UNREACHABLE_CODE = YES;
				CLANG_WARN__DUPLICATE_METHOD_MATCH = YES;
				COPY_PHASE_STRIP = NO;
				DEBUG_INFORMATION_FORMAT = dwarf;
				DEVELOPMENT_TEAM = 2UV433Y2SL;
				ENABLE_STRICT_OBJC_MSGSEND = YES;
				ENABLE_TESTABILITY = YES;
				ENABLE_USER_SCRIPT_SANDBOXING = YES;
				GCC_C_LANGUAGE_STANDARD = gnu17;
				GCC_DYNAMIC_NO_PIC = NO;
				GCC_NO_COMMON_BLOCKS = YES;
				GCC_OPTIMIZATION_LEVEL = 0;
				GCC_PREPROCESSOR_DEFINITIONS = (
					"DEBUG=1",
					"$(inherited)",
				);
				GCC_WARN_64_TO_32_BIT_CONVERSION = YES;
				GCC_WARN_ABOUT_RETURN_TYPE = YES_ERROR;
				GCC_WARN_UNDECLARED_SELECTOR = YES;
				GCC_WARN_UNINITIALIZED_AUTOS = YES_AGGRESSIVE;
				GCC_WARN_UNUSED_FUNCTION = YES;
				GCC_WARN_UNUSED_VARIABLE = YES;
				IPHONEOS_DEPLOYMENT_TARGET = 26.2;
				LOCALIZATION_PREFERS_STRING_CATALOGS = YES;
				MTL_ENABLE_DEBUG_INFO = INCLUDE_SOURCE;
				MTL_FAST_MATH = YES;
				ONLY_ACTIVE_ARCH = YES;
				SDKROOT = iphoneos;
				SWIFT_ACTIVE_COMPILATION_CONDITIONS = "DEBUG $(inherited)";
				SWIFT_OPTIMIZATION_LEVEL = "-Onone";
			};
			name = Debug;
		};
		097FFD542F44E8D600FA6734 /* Release */ = {
			isa = XCBuildConfiguration;
			buildSettings = {
				ALWAYS_SEARCH_USER_PATHS = NO;
				ASSETCATALOG_COMPILER_GENERATE_SWIFT_ASSET_SYMBOL_EXTENSIONS = YES;
				CLANG_ANALYZER_NONNULL = YES;
				CLANG_ANALYZER_NUMBER_OBJECT_CONVERSION = YES_AGGRESSIVE;
				CLANG_CXX_LANGUAGE_STANDARD = "gnu++20";
				CLANG_ENABLE_MODULES = YES;
				CLANG_ENABLE_OBJC_ARC = YES;
				CLANG_ENABLE_OBJC_WEAK = YES;
				CLANG_WARN_BLOCK_CAPTURE_AUTORELEASING = YES;
				CLANG_WARN_BOOL_CONVERSION = YES;
				CLANG_WARN_COMMA = YES;
				CLANG_WARN_CONSTANT_CONVERSION = YES;
				CLANG_WARN_DEPRECATED_OBJC_IMPLEMENTATIONS = YES;
				CLANG_WARN_DIRECT_OBJC_ISA_USAGE = YES_ERROR;
				CLANG_WARN_DOCUMENTATION_COMMENTS = YES;
				CLANG_WARN_EMPTY_BODY = YES;
				CLANG_WARN_ENUM_CONVERSION = YES;
				CLANG_WARN_INFINITE_RECURSION = YES;
				CLANG_WARN_INT_CONVERSION = YES;
				CLANG_WARN_NON_LITERAL_NULL_CONVERSION = YES;
				CLANG_WARN_OBJC_IMPLICIT_RETAIN_SELF = YES;
				CLANG_WARN_OBJC_LITERAL_CONVERSION = YES;
				CLANG_WARN_OBJC_ROOT_CLASS = YES_ERROR;
				CLANG_WARN_QUOTED_INCLUDE_IN_FRAMEWORK_HEADER = YES;
				CLANG_WARN_RANGE_LOOP_ANALYSIS = YES;
				CLANG_WARN_STRICT_PROTOTYPES = YES;
				CLANG_WARN_SUSPICIOUS_MOVE = YES;
				CLANG_WARN_UNGUARDED_AVAILABILITY = YES_AGGRESSIVE;
				CLANG_WARN_UNREACHABLE_CODE = YES;
				CLANG_WARN__DUPLICATE_METHOD_MATCH = YES;
				COPY_PHASE_STRIP = NO;
				DEBUG_INFORMATION_FORMAT = "dwarf-with-dsym";
				DEVELOPMENT_TEAM = 2UV433Y2SL;
				ENABLE_NS_ASSERTIONS = NO;
				ENABLE_STRICT_OBJC_MSGSEND = YES;
				ENABLE_USER_SCRIPT_SANDBOXING = YES;
				GCC_C_LANGUAGE_STANDARD = gnu17;
				GCC_NO_COMMON_BLOCKS = YES;
				GCC_WARN_64_TO_32_BIT_CONVERSION = YES;
				GCC_WARN_ABOUT_RETURN_TYPE = YES_ERROR;
				GCC_WARN_UNDECLARED_SELECTOR = YES;
				GCC_WARN_UNINITIALIZED_AUTOS = YES_AGGRESSIVE;
				GCC_WARN_UNUSED_FUNCTION = YES;
				GCC_WARN_UNUSED_VARIABLE = YES;
				IPHONEOS_DEPLOYMENT_TARGET = 26.2;
				LOCALIZATION_PREFERS_STRING_CATALOGS = YES;
				MTL_ENABLE_DEBUG_INFO = NO;
				MTL_FAST_MATH = YES;
				SDKROOT = iphoneos;
				SWIFT_COMPILATION_MODE = wholemodule;
				VALIDATE_PRODUCT = YES;
			};
			name = Release;
		};
		097FFD562F44E8D600FA6734 /* Debug */ = {
			isa = XCBuildConfiguration;
			buildSettings = {
				ASSETCATALOG_COMPILER_APPICON_NAME = AppIcon;
				ASSETCATALOG_COMPILER_GLOBAL_ACCENT_COLOR_NAME = AccentColor;
				CODE_SIGN_STYLE = Automatic;
				CURRENT_PROJECT_VERSION = 1;
				DEVELOPMENT_TEAM = 2UV433Y2SL;
				ENABLE_PREVIEWS = YES;
				GENERATE_INFOPLIST_FILE = YES;
				INFOPLIST_KEY_UIApplicationSceneManifest_Generation = YES;
				INFOPLIST_KEY_UIApplicationSupportsIndirectInputEvents = YES;
				INFOPLIST_KEY_UILaunchScreen_Generation = YES;
				INFOPLIST_KEY_UISupportedInterfaceOrientations_iPad = "UIInterfaceOrientationPortrait UIInterfaceOrientationPortraitUpsideDown UIInterfaceOrientationLandscapeLeft UIInterfaceOrientationLandscapeRight";
				INFOPLIST_KEY_UISupportedInterfaceOrientations_iPhone = "UIInterfaceOrientationPortrait UIInterfaceOrientationLandscapeLeft UIInterfaceOrientationLandscapeRight";
				LD_RUNPATH_SEARCH_PATHS = (
					"$(inherited)",
					"@executable_path/Frameworks",
				);
				MARKETING_VERSION = 1.0;
				PRODUCT_BUNDLE_IDENTIFIER = "Projects-apps.SaludFinanzasApp";
				PRODUCT_NAME = "$(TARGET_NAME)";
				STRING_CATALOG_GENERATE_SYMBOLS = YES;
				SWIFT_APPROACHABLE_CONCURRENCY = YES;
				SWIFT_DEFAULT_ACTOR_ISOLATION = MainActor;
				SWIFT_EMIT_LOC_STRINGS = YES;
				SWIFT_UPCOMING_FEATURE_MEMBER_IMPORT_VISIBILITY = YES;
				SWIFT_VERSION = 5.0;
				TARGETED_DEVICE_FAMILY = "1,2";
			};
			name = Debug;
		};
		097FFD572F44E8D600FA6734 /* Release */ = {
			isa = XCBuildConfiguration;
			buildSettings = {
				ASSETCATALOG_COMPILER_APPICON_NAME = AppIcon;
				ASSETCATALOG_COMPILER_GLOBAL_ACCENT_COLOR_NAME = AccentColor;
				CODE_SIGN_STYLE = Automatic;
				CURRENT_PROJECT_VERSION = 1;
				DEVELOPMENT_TEAM = 2UV433Y2SL;
				ENABLE_PREVIEWS = YES;
				GENERATE_INFOPLIST_FILE = YES;
				INFOPLIST_KEY_UIApplicationSceneManifest_Generation = YES;
				INFOPLIST_KEY_UIApplicationSupportsIndirectInputEvents = YES;
				INFOPLIST_KEY_UILaunchScreen_Generation = YES;
				INFOPLIST_KEY_UISupportedInterfaceOrientations_iPad = "UIInterfaceOrientationPortrait UIInterfaceOrientationPortraitUpsideDown UIInterfaceOrientationLandscapeLeft UIInterfaceOrientationLandscapeRight";
				INFOPLIST_KEY_UISupportedInterfaceOrientations_iPhone = "UIInterfaceOrientationPortrait UIInterfaceOrientationLandscapeLeft UIInterfaceOrientationLandscapeRight";
				LD_RUNPATH_SEARCH_PATHS = (
					"$(inherited)",
					"@executable_path/Frameworks",
				);
				MARKETING_VERSION = 1.0;
				PRODUCT_BUNDLE_IDENTIFIER = "Projects-apps.SaludFinanzasApp";
				PRODUCT_NAME = "$(TARGET_NAME)";
				STRING_CATALOG_GENERATE_SYMBOLS = YES;
				SWIFT_APPROACHABLE_CONCURRENCY = YES;
				SWIFT_DEFAULT_ACTOR_ISOLATION = MainActor;
				SWIFT_EMIT_LOC_STRINGS = YES;
				SWIFT_UPCOMING_FEATURE_MEMBER_IMPORT_VISIBILITY = YES;
				SWIFT_VERSION = 5.0;
				TARGETED_DEVICE_FAMILY = "1,2";
			};
			name = Release;
		};
/* End XCBuildConfiguration section */

/* Begin XCConfigurationList section */
		097FFD452F44E8D500FA6734 /* Build configuration list for PBXProject "SaludFinanzasApp" */ = {
			isa = XCConfigurationList;
			buildConfigurations = (
				097FFD532F44E8D600FA6734 /* Debug */,
				097FFD542F44E8D600FA6734 /* Release */,
			);
			defaultConfigurationIsVisible = 0;
			defaultConfigurationName = Release;
		};
		097FFD552F44E8D600FA6734 /* Build configuration list for PBXNativeTarget "SaludFinanzasApp" */ = {
			isa = XCConfigurationList;
			buildConfigurations = (
				097FFD562F44E8D600FA6734 /* Debug */,
				097FFD572F44E8D600FA6734 /* Release */,
			);
			defaultConfigurationIsVisible = 0;
			defaultConfigurationName = Release;
		};
/* End XCConfigurationList section */

/* Begin XCRemoteSwiftPackageReference section */
		09AD0A752F450CC3001B496E /* XCRemoteSwiftPackageReference "GRDB" */ = {
			isa = XCRemoteSwiftPackageReference;
			repositoryURL = "https://github.com/groue/GRDB.swift";
			requirement = {
				kind = upToNextMajorVersion;
				minimumVersion = 6.0.0;
			};
		};
/* End XCRemoteSwiftPackageReference section */

/* Begin XCSwiftPackageProductDependency section */
		09AD0A762F450CC3001B496E /* GRDB */ = {
			isa = XCSwiftPackageProductDependency;
			package = 09AD0A752F450CC3001B496E /* XCRemoteSwiftPackageReference "GRDB" */;
			productName = GRDB;
		};
/* End XCSwiftPackageProductDependency section */
	};
	rootObject = 097FFD422F44E8D500FA6734 /* Project object */;
}
